
Microsoft Visual Studio Solution File, Format Version 12.00
# Visual Studio 2013
VisualStudioVersion = 12.0.31101.0
MinimumVisualStudioVersion = 10.0.40219.1
Project("{2150E333-8FDC-42A3-9474-1A3956D46DE8}") = "PublishScripts", "PublishScripts", "{9DBEA947-C99C-4A2E-ADC0-0BC0EA6EEA5F}"
	ProjectSection(SolutionItems) = preProject
		PublishScripts\AzureWebsitePublishModule.psm1 = PublishScripts\AzureWebsitePublishModule.psm1
		PublishScripts\Publish-WebApplicationWebsite.ps1 = PublishScripts\Publish-WebApplicationWebsite.ps1
	EndProjectSection
EndProject
Project("{2150E333-8FDC-42A3-9474-1A3956D46DE8}") = "Configurations", "Configurations", "{73110282-7552-4A82-A413-00C3B683C9DF}"
	ProjectSection(SolutionItems) = preProject
		PublishScripts\Configurations\SykesVisitors-WAWS-dev.json = PublishScripts\Configurations\SykesVisitors-WAWS-dev.json
	EndProjectSection
EndProject
Project("{FAE04EC0-301F-11D3-BF4B-00C04F79EFBC}") = "LobbyManager", "LobbyManager\LobbyManager.csproj", "{D5AABA06-3DFC-4C6E-96BC-1F46647C4308}"
EndProject
Global
	GlobalSection(SolutionConfigurationPlatforms) = preSolution
		Debug|Any CPU = Debug|Any CPU
		Release|Any CPU = Release|Any CPU
	EndGlobalSection
	GlobalSection(ProjectConfigurationPlatforms) = postSolution
		{D5AABA06-3DFC-4C6E-96BC-1F46647C4308}.Debug|Any CPU.ActiveCfg = Debug|Any CPU
		{D5AABA06-3DFC-4C6E-96BC-1F46647C4308}.Debug|Any CPU.Build.0 = Debug|Any CPU
		{D5AABA06-3DFC-4C6E-96BC-1F46647C4308}.Release|Any CPU.ActiveCfg = Release|Any CPU
		{D5AABA06-3DFC-4C6E-96BC-1F46647C4308}.Release|Any CPU.Build.0 = Release|Any CPU
	EndGlobalSection
	GlobalSection(SolutionProperties) = preSolution
		HideSolutionNode = FALSE
	EndGlobalSection
	GlobalSection(NestedProjects) = preSolution
		{73110282-7552-4A82-A413-00C3B683C9DF} = {9DBEA947-C99C-4A2E-ADC0-0BC0EA6EEA5F}
	EndGlobalSection
EndGlobal
