
Microsoft Visual Studio Solution File, Format Version 12.00
# Visual Studio 2013
VisualStudioVersion = 12.0.31101.0
MinimumVisualStudioVersion = 10.0.40219.1
Project("{2150E333-8FDC-42A3-9474-1A3956D46DE8}") = "PublishScripts", "PublishScripts", "{9DBEA947-C99C-4A2E-ADC0-0BC0EA6EEA5F}"
	ProjectSection(SolutionItems) = preProject
		PublishScripts\AzureWebsitePublishModule.psm1 = PublishScripts\AzureWebsitePublishModule.psm1
		PublishScripts\Publish-WebApplicationWebsite.ps1 = PublishScripts\Publish-WebApplicationWebsite.ps1
	EndProjectSection
EndProject
Project("{2150E333-8FDC-42A3-9474-1A3956D46DE8}") = "Configurations", "Configurations", "{73110282-7552-4A82-A413-00C3B683C9DF}"
	ProjectSection(SolutionItems) = preProject
		PublishScripts\Configurations\SykesVisitors-WAWS-dev.json = PublishScripts\Configurations\SykesVisitors-WAWS-dev.json
	EndProjectSection
EndProject
Project("{FAE04EC0-301F-11D3-BF4B-00C04F79EFBC}") = "LobbyManager", "LobbyManager\LobbyManager.csproj", "{D5AABA06-3DFC-4C6E-96BC-1F46647C4308}"
	ProjectSection(ProjectDependencies) = postProject
		{F76B1044-6D42-4F52-A0B5-C87D2B2B9D58} = {F76B1044-6D42-4F52-A0B5-C87D2B2B9D58}
	EndProjectSection
EndProject
Project("{FAE04EC0-301F-11D3-BF4B-00C04F79EFBC}") = "LobbyManagerService", "LobbyManagerService\LobbyManagerService.csproj", "{C16DB052-FF12-4E84-9F0A-39DFA41EA5D8}"
	ProjectSection(ProjectDependencies) = postProject
		{D5AABA06-3DFC-4C6E-96BC-1F46647C4308} = {D5AABA06-3DFC-4C6E-96BC-1F46647C4308}
	EndProjectSection
EndProject
Project("{FAE04EC0-301F-11D3-BF4B-00C04F79EFBC}") = "WSEmpleados", "WSEmpleados\WSEmpleados.csproj", "{F76B1044-6D42-4F52-A0B5-C87D2B2B9D58}"
EndProject
Project("{FAE04EC0-301F-11D3-BF4B-00C04F79EFBC}") = "EmployeesSyncService", "SyncLobbyManagerEmployees\EmployeesSyncService.csproj", "{07BD1DEF-8904-4979-8681-6973C61B1022}"
	ProjectSection(ProjectDependencies) = postProject
		{D5AABA06-3DFC-4C6E-96BC-1F46647C4308} = {D5AABA06-3DFC-4C6E-96BC-1F46647C4308}
		{F76B1044-6D42-4F52-A0B5-C87D2B2B9D58} = {F76B1044-6D42-4F52-A0B5-C87D2B2B9D58}
		{F6D72EA3-EC92-44E0-BF42-5E473C60FA8B} = {F6D72EA3-EC92-44E0-BF42-5E473C60FA8B}
	EndProjectSection
EndProject
Project("{FAE04EC0-301F-11D3-BF4B-00C04F79EFBC}") = "EmployeesSyncTest", "EmployeesTest\EmployeesSyncTest.csproj", "{B4E710EF-8FF2-4CEB-8A37-70B012623A7E}"
	ProjectSection(ProjectDependencies) = postProject
		{F76B1044-6D42-4F52-A0B5-C87D2B2B9D58} = {F76B1044-6D42-4F52-A0B5-C87D2B2B9D58}
		{F6D72EA3-EC92-44E0-BF42-5E473C60FA8B} = {F6D72EA3-EC92-44E0-BF42-5E473C60FA8B}
	EndProjectSection
EndProject
Project("{FAE04EC0-301F-11D3-BF4B-00C04F79EFBC}") = "StandAloneEmployeesWS", "StandAloneEmployeesWS\StandAloneEmployeesWS.csproj", "{F6D72EA3-EC92-44E0-BF42-5E473C60FA8B}"
EndProject
Global
	GlobalSection(SolutionConfigurationPlatforms) = preSolution
		Debug|Any CPU = Debug|Any CPU
		Release|Any CPU = Release|Any CPU
	EndGlobalSection
	GlobalSection(ProjectConfigurationPlatforms) = postSolution
		{D5AABA06-3DFC-4C6E-96BC-1F46647C4308}.Debug|Any CPU.ActiveCfg = Debug|Any CPU
		{D5AABA06-3DFC-4C6E-96BC-1F46647C4308}.Debug|Any CPU.Build.0 = Debug|Any CPU
		{D5AABA06-3DFC-4C6E-96BC-1F46647C4308}.Release|Any CPU.ActiveCfg = Release|Any CPU
		{D5AABA06-3DFC-4C6E-96BC-1F46647C4308}.Release|Any CPU.Build.0 = Release|Any CPU
		{C16DB052-FF12-4E84-9F0A-39DFA41EA5D8}.Debug|Any CPU.ActiveCfg = Debug|Any CPU
		{C16DB052-FF12-4E84-9F0A-39DFA41EA5D8}.Debug|Any CPU.Build.0 = Debug|Any CPU
		{C16DB052-FF12-4E84-9F0A-39DFA41EA5D8}.Release|Any CPU.ActiveCfg = Release|Any CPU
		{C16DB052-FF12-4E84-9F0A-39DFA41EA5D8}.Release|Any CPU.Build.0 = Release|Any CPU
		{F76B1044-6D42-4F52-A0B5-C87D2B2B9D58}.Debug|Any CPU.ActiveCfg = Debug|Any CPU
		{F76B1044-6D42-4F52-A0B5-C87D2B2B9D58}.Debug|Any CPU.Build.0 = Debug|Any CPU
		{F76B1044-6D42-4F52-A0B5-C87D2B2B9D58}.Release|Any CPU.ActiveCfg = Release|Any CPU
		{F76B1044-6D42-4F52-A0B5-C87D2B2B9D58}.Release|Any CPU.Build.0 = Release|Any CPU
		{07BD1DEF-8904-4979-8681-6973C61B1022}.Debug|Any CPU.ActiveCfg = Debug|Any CPU
		{07BD1DEF-8904-4979-8681-6973C61B1022}.Debug|Any CPU.Build.0 = Debug|Any CPU
		{07BD1DEF-8904-4979-8681-6973C61B1022}.Release|Any CPU.ActiveCfg = Release|Any CPU
		{07BD1DEF-8904-4979-8681-6973C61B1022}.Release|Any CPU.Build.0 = Release|Any CPU
		{B4E710EF-8FF2-4CEB-8A37-70B012623A7E}.Debug|Any CPU.ActiveCfg = Debug|Any CPU
		{B4E710EF-8FF2-4CEB-8A37-70B012623A7E}.Debug|Any CPU.Build.0 = Debug|Any CPU
		{B4E710EF-8FF2-4CEB-8A37-70B012623A7E}.Release|Any CPU.ActiveCfg = Release|Any CPU
		{B4E710EF-8FF2-4CEB-8A37-70B012623A7E}.Release|Any CPU.Build.0 = Release|Any CPU
		{F6D72EA3-EC92-44E0-BF42-5E473C60FA8B}.Debug|Any CPU.ActiveCfg = Debug|Any CPU
		{F6D72EA3-EC92-44E0-BF42-5E473C60FA8B}.Debug|Any CPU.Build.0 = Debug|Any CPU
		{F6D72EA3-EC92-44E0-BF42-5E473C60FA8B}.Release|Any CPU.ActiveCfg = Release|Any CPU
		{F6D72EA3-EC92-44E0-BF42-5E473C60FA8B}.Release|Any CPU.Build.0 = Release|Any CPU
	EndGlobalSection
	GlobalSection(SolutionProperties) = preSolution
		HideSolutionNode = FALSE
	EndGlobalSection
	GlobalSection(NestedProjects) = preSolution
		{73110282-7552-4A82-A413-00C3B683C9DF} = {9DBEA947-C99C-4A2E-ADC0-0BC0EA6EEA5F}
	EndGlobalSection
EndGlobal
